
Microsoft Visual Studio Solution File, Format Version 12.00
# Visual Studio Version 17
VisualStudioVersion = 17.10.34928.147
MinimumVisualStudioVersion = 10.0.40219.1
Project("{FAE04EC0-301F-11D3-BF4B-00C04F79EFBC}") = "Amazon_Api", "Amazon_Api\Amazon_Api.csproj", "{6ED00A01-66A0-4720-ACDF-5F1C732FE3FE}"
EndProject
Global
	GlobalSection(SolutionConfigurationPlatforms) = preSolution
		Debug|Any CPU = Debug|Any CPU
		Release|Any CPU = Release|Any CPU
	EndGlobalSection
	GlobalSection(ProjectConfigurationPlatforms) = postSolution
		{6ED00A01-66A0-4720-ACDF-5F1C732FE3FE}.Debug|Any CPU.ActiveCfg = Debug|Any CPU
		{6ED00A01-66A0-4720-ACDF-5F1C732FE3FE}.Debug|Any CPU.Build.0 = Debug|Any CPU
		{6ED00A01-66A0-4720-ACDF-5F1C732FE3FE}.Release|Any CPU.ActiveCfg = Release|Any CPU
		{6ED00A01-66A0-4720-ACDF-5F1C732FE3FE}.Release|Any CPU.Build.0 = Release|Any CPU
	EndGlobalSection
	GlobalSection(SolutionProperties) = preSolution
		HideSolutionNode = FALSE
	EndGlobalSection
	GlobalSection(ExtensibilityGlobals) = postSolution
		SolutionGuid = {97BC0F4C-0AB7-44B3-8460-3D5FE014B5C4}
	EndGlobalSection
EndGlobal
